// !$*UTF8*$!
{
	archiveVersion = 1;
	classes = {
	};
	objectVersion = 50;
	objects = {

/* Begin PBXBuildFile section */
		74FA37A7246EA007009DF480 /* AppDelegate.swift in Sources */ = {isa = PBXBuildFile; fileRef = 74FA37A6246EA007009DF480 /* AppDelegate.swift */; };
		74FA37A9246EA007009DF480 /* SceneDelegate.swift in Sources */ = {isa = PBXBuildFile; fileRef = 74FA37A8246EA007009DF480 /* SceneDelegate.swift */; };
		74FA37AB246EA007009DF480 /* LoginViewController.swift in Sources */ = {isa = PBXBuildFile; fileRef = 74FA37AA246EA007009DF480 /* LoginViewController.swift */; };
		74FA37AE246EA007009DF480 /* Main.storyboard in Resources */ = {isa = PBXBuildFile; fileRef = 74FA37AC246EA007009DF480 /* Main.storyboard */; };
		74FA37B0246EA00D009DF480 /* Assets.xcassets in Resources */ = {isa = PBXBuildFile; fileRef = 74FA37AF246EA00D009DF480 /* Assets.xcassets */; };
		74FA37B3246EA00D009DF480 /* LaunchScreen.storyboard in Resources */ = {isa = PBXBuildFile; fileRef = 74FA37B1246EA00D009DF480 /* LaunchScreen.storyboard */; };
		74FA37BC246ED172009DF480 /* RegisterViewController.swift in Sources */ = {isa = PBXBuildFile; fileRef = 74FA37BB246ED172009DF480 /* RegisterViewController.swift */; };
		74FA37BE246ED19C009DF480 /* MapViewController.swift in Sources */ = {isa = PBXBuildFile; fileRef = 74FA37BD246ED19C009DF480 /* MapViewController.swift */; };
		74FA37C0246ED1C7009DF480 /* ListViewController.swift in Sources */ = {isa = PBXBuildFile; fileRef = 74FA37BF246ED1C7009DF480 /* ListViewController.swift */; };
/* End PBXBuildFile section */

/* Begin PBXFileReference section */
		74FA37A3246EA007009DF480 /* On the Map.app */ = {isa = PBXFileReference; explicitFileType = wrapper.application; includeInIndex = 0; path = "On the Map.app"; sourceTree = BUILT_PRODUCTS_DIR; };
		74FA37A6246EA007009DF480 /* AppDelegate.swift */ = {isa = PBXFileReference; lastKnownFileType = sourcecode.swift; path = AppDelegate.swift; sourceTree = "<group>"; };
		74FA37A8246EA007009DF480 /* SceneDelegate.swift */ = {isa = PBXFileReference; lastKnownFileType = sourcecode.swift; path = SceneDelegate.swift; sourceTree = "<group>"; };
		74FA37AA246EA007009DF480 /* LoginViewController.swift */ = {isa = PBXFileReference; lastKnownFileType = sourcecode.swift; path = LoginViewController.swift; sourceTree = "<group>"; };
		74FA37AD246EA007009DF480 /* Base */ = {isa = PBXFileReference; lastKnownFileType = file.storyboard; name = Base; path = Base.lproj/Main.storyboard; sourceTree = "<group>"; };
		74FA37AF246EA00D009DF480 /* Assets.xcassets */ = {isa = PBXFileReference; lastKnownFileType = folder.assetcatalog; path = Assets.xcassets; sourceTree = "<group>"; };
		74FA37B2246EA00D009DF480 /* Base */ = {isa = PBXFileReference; lastKnownFileType = file.storyboard; name = Base; path = Base.lproj/LaunchScreen.storyboard; sourceTree = "<group>"; };
		74FA37B4246EA00D009DF480 /* Info.plist */ = {isa = PBXFileReference; lastKnownFileType = text.plist.xml; path = Info.plist; sourceTree = "<group>"; };
		74FA37BB246ED172009DF480 /* RegisterViewController.swift */ = {isa = PBXFileReference; lastKnownFileType = sourcecode.swift; path = RegisterViewController.swift; sourceTree = "<group>"; };
		74FA37BD246ED19C009DF480 /* MapViewController.swift */ = {isa = PBXFileReference; lastKnownFileType = sourcecode.swift; path = MapViewController.swift; sourceTree = "<group>"; };
		74FA37BF246ED1C7009DF480 /* ListViewController.swift */ = {isa = PBXFileReference; lastKnownFileType = sourcecode.swift; path = ListViewController.swift; sourceTree = "<group>"; };
/* End PBXFileReference section */

/* Begin PBXFrameworksBuildPhase section */
		74FA37A0246EA007009DF480 /* Frameworks */ = {
			isa = PBXFrameworksBuildPhase;
			buildActionMask = 2147483647;
			files = (
			);
			runOnlyForDeploymentPostprocessing = 0;
		};
/* End PBXFrameworksBuildPhase section */

/* Begin PBXGroup section */
		749DFDB4246ED2DC007CE3C6 /* View */ = {
			isa = PBXGroup;
			children = (
				74FA37AC246EA007009DF480 /* Main.storyboard */,
				74FA37B1246EA00D009DF480 /* LaunchScreen.storyboard */,
			);
			path = View;
			sourceTree = "<group>";
		};
		749DFDB5246ED2E9007CE3C6 /* Extras */ = {
			isa = PBXGroup;
			children = (
				74FA37A6246EA007009DF480 /* AppDelegate.swift */,
				74FA37A8246EA007009DF480 /* SceneDelegate.swift */,
			);
			path = Extras;
			sourceTree = "<group>";
		};
		74FA379A246EA007009DF480 = {
			isa = PBXGroup;
			children = (
				74FA37A5246EA007009DF480 /* On the Map */,
				74FA37A4246EA007009DF480 /* Products */,
			);
			sourceTree = "<group>";
		};
		74FA37A4246EA007009DF480 /* Products */ = {
			isa = PBXGroup;
			children = (
				74FA37A3246EA007009DF480 /* On the Map.app */,
			);
			name = Products;
			sourceTree = "<group>";
		};
		74FA37A5246EA007009DF480 /* On the Map */ = {
			isa = PBXGroup;
			children = (
				749DFDB5246ED2E9007CE3C6 /* Extras */,
				74FA37C1246ED21E009DF480 /* Model */,
				749DFDB4246ED2DC007CE3C6 /* View */,
				74FA37BA246ED145009DF480 /* View Controllers */,
				74FA37AF246EA00D009DF480 /* Assets.xcassets */,
				74FA37B4246EA00D009DF480 /* Info.plist */,
			);
			path = "On the Map";
			sourceTree = "<group>";
		};
		74FA37BA246ED145009DF480 /* View Controllers */ = {
			isa = PBXGroup;
			children = (
				74FA37AA246EA007009DF480 /* LoginViewController.swift */,
				74FA37BB246ED172009DF480 /* RegisterViewController.swift */,
				74FA37BD246ED19C009DF480 /* MapViewController.swift */,
				74FA37BF246ED1C7009DF480 /* ListViewController.swift */,
			);
			path = "View Controllers";
			sourceTree = "<group>";
		};
		74FA37C1246ED21E009DF480 /* Model */ = {
			isa = PBXGroup;
			children = (
			);
			path = Model;
			sourceTree = "<group>";
		};
/* End PBXGroup section */

/* Begin PBXNativeTarget section */
		74FA37A2246EA007009DF480 /* On the Map */ = {
			isa = PBXNativeTarget;
			buildConfigurationList = 74FA37B7246EA00D009DF480 /* Build configuration list for PBXNativeTarget "On the Map" */;
			buildPhases = (
				74FA379F246EA007009DF480 /* Sources */,
				74FA37A0246EA007009DF480 /* Frameworks */,
				74FA37A1246EA007009DF480 /* Resources */,
			);
			buildRules = (
			);
			dependencies = (
			);
			name = "On the Map";
			productName = "On the Map";
			productReference = 74FA37A3246EA007009DF480 /* On the Map.app */;
			productType = "com.apple.product-type.application";
		};
/* End PBXNativeTarget section */

/* Begin PBXProject section */
		74FA379B246EA007009DF480 /* Project object */ = {
			isa = PBXProject;
			attributes = {
				LastSwiftUpdateCheck = 1140;
				LastUpgradeCheck = 1140;
				ORGANIZATIONNAME = "Krishnil Bhojani";
				TargetAttributes = {
					74FA37A2246EA007009DF480 = {
						CreatedOnToolsVersion = 11.4;
					};
				};
			};
			buildConfigurationList = 74FA379E246EA007009DF480 /* Build configuration list for PBXProject "On the Map" */;
			compatibilityVersion = "Xcode 9.3";
			developmentRegion = en;
			hasScannedForEncodings = 0;
			knownRegions = (
				en,
				Base,
			);
			mainGroup = 74FA379A246EA007009DF480;
			productRefGroup = 74FA37A4246EA007009DF480 /* Products */;
			projectDirPath = "";
			projectRoot = "";
			targets = (
				74FA37A2246EA007009DF480 /* On the Map */,
			);
		};
/* End PBXProject section */

/* Begin PBXResourcesBuildPhase section */
		74FA37A1246EA007009DF480 /* Resources */ = {
			isa = PBXResourcesBuildPhase;
			buildActionMask = 2147483647;
			files = (
				74FA37B3246EA00D009DF480 /* LaunchScreen.storyboard in Resources */,
				74FA37B0246EA00D009DF480 /* Assets.xcassets in Resources */,
				74FA37AE246EA007009DF480 /* Main.storyboard in Resources */,
			);
			runOnlyForDeploymentPostprocessing = 0;
		};
/* End PBXResourcesBuildPhase section */

/* Begin PBXSourcesBuildPhase section */
		74FA379F246EA007009DF480 /* Sources */ = {
			isa = PBXSourcesBuildPhase;
			buildActionMask = 2147483647;
			files = (
				74FA37AB246EA007009DF480 /* LoginViewController.swift in Sources */,
				74FA37A7246EA007009DF480 /* AppDelegate.swift in Sources */,
				74FA37C0246ED1C7009DF480 /* ListViewController.swift in Sources */,
				74FA37A9246EA007009DF480 /* SceneDelegate.swift in Sources */,
				74FA37BE246ED19C009DF480 /* MapViewController.swift in Sources */,
				74FA37BC246ED172009DF480 /* RegisterViewController.swift in Sources */,
			);
			runOnlyForDeploymentPostprocessing = 0;
		};
/* End PBXSourcesBuildPhase section */

/* Begin PBXVariantGroup section */
		74FA37AC246EA007009DF480 /* Main.storyboard */ = {
			isa = PBXVariantGroup;
			children = (
				74FA37AD246EA007009DF480 /* Base */,
			);
			name = Main.storyboard;
			sourceTree = "<group>";
		};
		74FA37B1246EA00D009DF480 /* LaunchScreen.storyboard */ = {
			isa = PBXVariantGroup;
			children = (
				74FA37B2246EA00D009DF480 /* Base */,
			);
			name = LaunchScreen.storyboard;
			sourceTree = "<group>";
		};
/* End PBXVariantGroup section */

/* Begin XCBuildConfiguration section */
		74FA37B5246EA00D009DF480 /* Debug */ = {
			isa = XCBuildConfiguration;
			buildSettings = {
				ALWAYS_SEARCH_USER_PATHS = NO;
				CLANG_ANALYZER_NONNULL = YES;
				CLANG_ANALYZER_NUMBER_OBJECT_CONVERSION = YES_AGGRESSIVE;
				CLANG_CXX_LANGUAGE_STANDARD = "gnu++14";
				CLANG_CXX_LIBRARY = "libc++";
				CLANG_ENABLE_MODULES = YES;
				CLANG_ENABLE_OBJC_ARC = YES;
				CLANG_ENABLE_OBJC_WEAK = YES;
				CLANG_WARN_BLOCK_CAPTURE_AUTORELEASING = YES;
				CLANG_WARN_BOOL_CONVERSION = YES;
				CLANG_WARN_COMMA = YES;
				CLANG_WARN_CONSTANT_CONVERSION = YES;
				CLANG_WARN_DEPRECATED_OBJC_IMPLEMENTATIONS = YES;
				CLANG_WARN_DIRECT_OBJC_ISA_USAGE = YES_ERROR;
				CLANG_WARN_DOCUMENTATION_COMMENTS = YES;
				CLANG_WARN_EMPTY_BODY = YES;
				CLANG_WARN_ENUM_CONVERSION = YES;
				CLANG_WARN_INFINITE_RECURSION = YES;
				CLANG_WARN_INT_CONVERSION = YES;
				CLANG_WARN_NON_LITERAL_NULL_CONVERSION = YES;
				CLANG_WARN_OBJC_IMPLICIT_RETAIN_SELF = YES;
				CLANG_WARN_OBJC_LITERAL_CONVERSION = YES;
				CLANG_WARN_OBJC_ROOT_CLASS = YES_ERROR;
				CLANG_WARN_RANGE_LOOP_ANALYSIS = YES;
				CLANG_WARN_STRICT_PROTOTYPES = YES;
				CLANG_WARN_SUSPICIOUS_MOVE = YES;
				CLANG_WARN_UNGUARDED_AVAILABILITY = YES_AGGRESSIVE;
				CLANG_WARN_UNREACHABLE_CODE = YES;
				CLANG_WARN__DUPLICATE_METHOD_MATCH = YES;
				COPY_PHASE_STRIP = NO;
				DEBUG_INFORMATION_FORMAT = dwarf;
				ENABLE_STRICT_OBJC_MSGSEND = YES;
				ENABLE_TESTABILITY = YES;
				GCC_C_LANGUAGE_STANDARD = gnu11;
				GCC_DYNAMIC_NO_PIC = NO;
				GCC_NO_COMMON_BLOCKS = YES;
				GCC_OPTIMIZATION_LEVEL = 0;
				GCC_PREPROCESSOR_DEFINITIONS = (
					"DEBUG=1",
					"$(inherited)",
				);
				GCC_WARN_64_TO_32_BIT_CONVERSION = YES;
				GCC_WARN_ABOUT_RETURN_TYPE = YES_ERROR;
				GCC_WARN_UNDECLARED_SELECTOR = YES;
				GCC_WARN_UNINITIALIZED_AUTOS = YES_AGGRESSIVE;
				GCC_WARN_UNUSED_FUNCTION = YES;
				GCC_WARN_UNUSED_VARIABLE = YES;
				IPHONEOS_DEPLOYMENT_TARGET = 13.4;
				MTL_ENABLE_DEBUG_INFO = INCLUDE_SOURCE;
				MTL_FAST_MATH = YES;
				ONLY_ACTIVE_ARCH = YES;
				SDKROOT = iphoneos;
				SWIFT_ACTIVE_COMPILATION_CONDITIONS = DEBUG;
				SWIFT_OPTIMIZATION_LEVEL = "-Onone";
			};
			name = Debug;
		};
		74FA37B6246EA00D009DF480 /* Release */ = {
			isa = XCBuildConfiguration;
			buildSettings = {
				ALWAYS_SEARCH_USER_PATHS = NO;
				CLANG_ANALYZER_NONNULL = YES;
				CLANG_ANALYZER_NUMBER_OBJECT_CONVERSION = YES_AGGRESSIVE;
				CLANG_CXX_LANGUAGE_STANDARD = "gnu++14";
				CLANG_CXX_LIBRARY = "libc++";
				CLANG_ENABLE_MODULES = YES;
				CLANG_ENABLE_OBJC_ARC = YES;
				CLANG_ENABLE_OBJC_WEAK = YES;
				CLANG_WARN_BLOCK_CAPTURE_AUTORELEASING = YES;
				CLANG_WARN_BOOL_CONVERSION = YES;
				CLANG_WARN_COMMA = YES;
				CLANG_WARN_CONSTANT_CONVERSION = YES;
				CLANG_WARN_DEPRECATED_OBJC_IMPLEMENTATIONS = YES;
				CLANG_WARN_DIRECT_OBJC_ISA_USAGE = YES_ERROR;
				CLANG_WARN_DOCUMENTATION_COMMENTS = YES;
				CLANG_WARN_EMPTY_BODY = YES;
				CLANG_WARN_ENUM_CONVERSION = YES;
				CLANG_WARN_INFINITE_RECURSION = YES;
				CLANG_WARN_INT_CONVERSION = YES;
				CLANG_WARN_NON_LITERAL_NULL_CONVERSION = YES;
				CLANG_WARN_OBJC_IMPLICIT_RETAIN_SELF = YES;
				CLANG_WARN_OBJC_LITERAL_CONVERSION = YES;
				CLANG_WARN_OBJC_ROOT_CLASS = YES_ERROR;
				CLANG_WARN_RANGE_LOOP_ANALYSIS = YES;
				CLANG_WARN_STRICT_PROTOTYPES = YES;
				CLANG_WARN_SUSPICIOUS_MOVE = YES;
				CLANG_WARN_UNGUARDED_AVAILABILITY = YES_AGGRESSIVE;
				CLANG_WARN_UNREACHABLE_CODE = YES;
				CLANG_WARN__DUPLICATE_METHOD_MATCH = YES;
				COPY_PHASE_STRIP = NO;
				DEBUG_INFORMATION_FORMAT = "dwarf-with-dsym";
				ENABLE_NS_ASSERTIONS = NO;
				ENABLE_STRICT_OBJC_MSGSEND = YES;
				GCC_C_LANGUAGE_STANDARD = gnu11;
				GCC_NO_COMMON_BLOCKS = YES;
				GCC_WARN_64_TO_32_BIT_CONVERSION = YES;
				GCC_WARN_ABOUT_RETURN_TYPE = YES_ERROR;
				GCC_WARN_UNDECLARED_SELECTOR = YES;
				GCC_WARN_UNINITIALIZED_AUTOS = YES_AGGRESSIVE;
				GCC_WARN_UNUSED_FUNCTION = YES;
				GCC_WARN_UNUSED_VARIABLE = YES;
				IPHONEOS_DEPLOYMENT_TARGET = 13.4;
				MTL_ENABLE_DEBUG_INFO = NO;
				MTL_FAST_MATH = YES;
				SDKROOT = iphoneos;
				SWIFT_COMPILATION_MODE = wholemodule;
				SWIFT_OPTIMIZATION_LEVEL = "-O";
				VALIDATE_PRODUCT = YES;
			};
			name = Release;
		};
		74FA37B8246EA00D009DF480 /* Debug */ = {
			isa = XCBuildConfiguration;
			buildSettings = {
				ASSETCATALOG_COMPILER_APPICON_NAME = AppIcon;
				CODE_SIGN_STYLE = Automatic;
				DEVELOPMENT_TEAM = C2VNGGX9YQ;
				INFOPLIST_FILE = "On the Map/Info.plist";
				LD_RUNPATH_SEARCH_PATHS = (
					"$(inherited)",
					"@executable_path/Frameworks",
				);
				PRODUCT_BUNDLE_IDENTIFIER = "com.krishnilbhojani.On-the-Map";
				PRODUCT_NAME = "$(TARGET_NAME)";
				SWIFT_VERSION = 5.0;
				TARGETED_DEVICE_FAMILY = "1,2";
			};
			name = Debug;
		};
		74FA37B9246EA00D009DF480 /* Release */ = {
			isa = XCBuildConfiguration;
			buildSettings = {
				ASSETCATALOG_COMPILER_APPICON_NAME = AppIcon;
				CODE_SIGN_STYLE = Automatic;
				DEVELOPMENT_TEAM = C2VNGGX9YQ;
				INFOPLIST_FILE = "On the Map/Info.plist";
				LD_RUNPATH_SEARCH_PATHS = (
					"$(inherited)",
					"@executable_path/Frameworks",
				);
				PRODUCT_BUNDLE_IDENTIFIER = "com.krishnilbhojani.On-the-Map";
				PRODUCT_NAME = "$(TARGET_NAME)";
				SWIFT_VERSION = 5.0;
				TARGETED_DEVICE_FAMILY = "1,2";
			};
			name = Release;
		};
/* End XCBuildConfiguration section */

/* Begin XCConfigurationList section */
		74FA379E246EA007009DF480 /* Build configuration list for PBXProject "On the Map" */ = {
			isa = XCConfigurationList;
			buildConfigurations = (
				74FA37B5246EA00D009DF480 /* Debug */,
				74FA37B6246EA00D009DF480 /* Release */,
			);
			defaultConfigurationIsVisible = 0;
			defaultConfigurationName = Release;
		};
		74FA37B7246EA00D009DF480 /* Build configuration list for PBXNativeTarget "On the Map" */ = {
			isa = XCConfigurationList;
			buildConfigurations = (
				74FA37B8246EA00D009DF480 /* Debug */,
				74FA37B9246EA00D009DF480 /* Release */,
			);
			defaultConfigurationIsVisible = 0;
			defaultConfigurationName = Release;
		};
/* End XCConfigurationList section */
	};
	rootObject = 74FA379B246EA007009DF480 /* Project object */;
}
